// !$*UTF8*$!
{
	archiveVersion = 1;
	classes = {
	};
	objectVersion = 50;
	objects = {

/* Begin PBXBuildFile section */
		5523187F245394A5006F9648 /* StudentDataResponse.swift in Sources */ = {isa = PBXBuildFile; fileRef = 5523187E245394A5006F9648 /* StudentDataResponse.swift */; };
		55929E0A24525ED200B96570 /* AppDelegate.swift in Sources */ = {isa = PBXBuildFile; fileRef = 55929E0924525ED200B96570 /* AppDelegate.swift */; };
		55929E0C24525ED200B96570 /* SceneDelegate.swift in Sources */ = {isa = PBXBuildFile; fileRef = 55929E0B24525ED200B96570 /* SceneDelegate.swift */; };
		55929E0E24525ED200B96570 /* LoginViewController.swift in Sources */ = {isa = PBXBuildFile; fileRef = 55929E0D24525ED200B96570 /* LoginViewController.swift */; };
		55929E1124525ED200B96570 /* Main.storyboard in Resources */ = {isa = PBXBuildFile; fileRef = 55929E0F24525ED200B96570 /* Main.storyboard */; };
		55929E1324525ED800B96570 /* Assets.xcassets in Resources */ = {isa = PBXBuildFile; fileRef = 55929E1224525ED800B96570 /* Assets.xcassets */; };
		55929E1624525ED800B96570 /* LaunchScreen.storyboard in Resources */ = {isa = PBXBuildFile; fileRef = 55929E1424525ED800B96570 /* LaunchScreen.storyboard */; };
		55929E2124525ED900B96570 /* On_the_MapTests.swift in Sources */ = {isa = PBXBuildFile; fileRef = 55929E2024525ED900B96570 /* On_the_MapTests.swift */; };
		55929E2C24525ED900B96570 /* On_the_MapUITests.swift in Sources */ = {isa = PBXBuildFile; fileRef = 55929E2B24525ED900B96570 /* On_the_MapUITests.swift */; };
		55929E3C2452605D00B96570 /* MapViewController.swift in Sources */ = {isa = PBXBuildFile; fileRef = 55929E3B2452605C00B96570 /* MapViewController.swift */; };
		55929E3E2452606900B96570 /* TableViewController.swift in Sources */ = {isa = PBXBuildFile; fileRef = 55929E3D2452606900B96570 /* TableViewController.swift */; };
		55929E4224526AE900B96570 /* User.swift in Sources */ = {isa = PBXBuildFile; fileRef = 55929E4124526AE900B96570 /* User.swift */; };
		55929E4724526B4900B96570 /* LoginRequest.swift in Sources */ = {isa = PBXBuildFile; fileRef = 55929E4624526B4900B96570 /* LoginRequest.swift */; };
		55929E4924526B5600B96570 /* LoginResponse.swift in Sources */ = {isa = PBXBuildFile; fileRef = 55929E4824526B5600B96570 /* LoginResponse.swift */; };
		55D062D124527EF400D4F425 /* LoginTextFieldsDelegate.swift in Sources */ = {isa = PBXBuildFile; fileRef = 55D062D024527EF400D4F425 /* LoginTextFieldsDelegate.swift */; };
		55D062D52452886600D4F425 /* LogoutResponse.swift in Sources */ = {isa = PBXBuildFile; fileRef = 55D062D42452886600D4F425 /* LogoutResponse.swift */; };
		55D062D82452902E00D4F425 /* StudentsLocations.swift in Sources */ = {isa = PBXBuildFile; fileRef = 55D062D72452902E00D4F425 /* StudentsLocations.swift */; };
		55D062DC2452970D00D4F425 /* StudentsModel.swift in Sources */ = {isa = PBXBuildFile; fileRef = 55D062DB2452970D00D4F425 /* StudentsModel.swift */; };
		55D062DE2452A9C400D4F425 /* PostNewPinViewController.swift in Sources */ = {isa = PBXBuildFile; fileRef = 55D062DD2452A9C400D4F425 /* PostNewPinViewController.swift */; };
		55D062E02452A9D100D4F425 /* NewPinMapViewController.swift in Sources */ = {isa = PBXBuildFile; fileRef = 55D062DF2452A9D100D4F425 /* NewPinMapViewController.swift */; };
		55D062E22452AF6F00D4F425 /* PostLocationRequest.swift in Sources */ = {isa = PBXBuildFile; fileRef = 55D062E12452AF6F00D4F425 /* PostLocationRequest.swift */; };
/* End PBXBuildFile section */

/* Begin PBXContainerItemProxy section */
		55929E1D24525ED900B96570 /* PBXContainerItemProxy */ = {
			isa = PBXContainerItemProxy;
			containerPortal = 55929DFE24525ED200B96570 /* Project object */;
			proxyType = 1;
			remoteGlobalIDString = 55929E0524525ED200B96570;
			remoteInfo = "On the Map";
		};
		55929E2824525ED900B96570 /* PBXContainerItemProxy */ = {
			isa = PBXContainerItemProxy;
			containerPortal = 55929DFE24525ED200B96570 /* Project object */;
			proxyType = 1;
			remoteGlobalIDString = 55929E0524525ED200B96570;
			remoteInfo = "On the Map";
		};
/* End PBXContainerItemProxy section */

/* Begin PBXFileReference section */
		5523187E245394A5006F9648 /* StudentDataResponse.swift */ = {isa = PBXFileReference; lastKnownFileType = sourcecode.swift; path = StudentDataResponse.swift; sourceTree = "<group>"; };
		55929E0624525ED200B96570 /* On the Map.app */ = {isa = PBXFileReference; explicitFileType = wrapper.application; includeInIndex = 0; path = "On the Map.app"; sourceTree = BUILT_PRODUCTS_DIR; };
		55929E0924525ED200B96570 /* AppDelegate.swift */ = {isa = PBXFileReference; lastKnownFileType = sourcecode.swift; path = AppDelegate.swift; sourceTree = "<group>"; };
		55929E0B24525ED200B96570 /* SceneDelegate.swift */ = {isa = PBXFileReference; lastKnownFileType = sourcecode.swift; path = SceneDelegate.swift; sourceTree = "<group>"; };
		55929E0D24525ED200B96570 /* LoginViewController.swift */ = {isa = PBXFileReference; lastKnownFileType = sourcecode.swift; path = LoginViewController.swift; sourceTree = "<group>"; };
		55929E1024525ED200B96570 /* Base */ = {isa = PBXFileReference; lastKnownFileType = file.storyboard; name = Base; path = Base.lproj/Main.storyboard; sourceTree = "<group>"; };
		55929E1224525ED800B96570 /* Assets.xcassets */ = {isa = PBXFileReference; lastKnownFileType = folder.assetcatalog; path = Assets.xcassets; sourceTree = "<group>"; };
		55929E1524525ED800B96570 /* Base */ = {isa = PBXFileReference; lastKnownFileType = file.storyboard; name = Base; path = Base.lproj/LaunchScreen.storyboard; sourceTree = "<group>"; };
		55929E1724525ED800B96570 /* Info.plist */ = {isa = PBXFileReference; lastKnownFileType = text.plist.xml; path = Info.plist; sourceTree = "<group>"; };
		55929E1C24525ED800B96570 /* On the MapTests.xctest */ = {isa = PBXFileReference; explicitFileType = wrapper.cfbundle; includeInIndex = 0; path = "On the MapTests.xctest"; sourceTree = BUILT_PRODUCTS_DIR; };
		55929E2024525ED900B96570 /* On_the_MapTests.swift */ = {isa = PBXFileReference; lastKnownFileType = sourcecode.swift; path = On_the_MapTests.swift; sourceTree = "<group>"; };
		55929E2224525ED900B96570 /* Info.plist */ = {isa = PBXFileReference; lastKnownFileType = text.plist.xml; path = Info.plist; sourceTree = "<group>"; };
		55929E2724525ED900B96570 /* On the MapUITests.xctest */ = {isa = PBXFileReference; explicitFileType = wrapper.cfbundle; includeInIndex = 0; path = "On the MapUITests.xctest"; sourceTree = BUILT_PRODUCTS_DIR; };
		55929E2B24525ED900B96570 /* On_the_MapUITests.swift */ = {isa = PBXFileReference; lastKnownFileType = sourcecode.swift; path = On_the_MapUITests.swift; sourceTree = "<group>"; };
		55929E2D24525ED900B96570 /* Info.plist */ = {isa = PBXFileReference; lastKnownFileType = text.plist.xml; path = Info.plist; sourceTree = "<group>"; };
		55929E3B2452605C00B96570 /* MapViewController.swift */ = {isa = PBXFileReference; lastKnownFileType = sourcecode.swift; path = MapViewController.swift; sourceTree = "<group>"; };
		55929E3D2452606900B96570 /* TableViewController.swift */ = {isa = PBXFileReference; lastKnownFileType = sourcecode.swift; path = TableViewController.swift; sourceTree = "<group>"; };
		55929E4124526AE900B96570 /* User.swift */ = {isa = PBXFileReference; lastKnownFileType = sourcecode.swift; path = User.swift; sourceTree = "<group>"; };
		55929E4624526B4900B96570 /* LoginRequest.swift */ = {isa = PBXFileReference; lastKnownFileType = sourcecode.swift; path = LoginRequest.swift; sourceTree = "<group>"; };
		55929E4824526B5600B96570 /* LoginResponse.swift */ = {isa = PBXFileReference; lastKnownFileType = sourcecode.swift; path = LoginResponse.swift; sourceTree = "<group>"; };
		55D062D024527EF400D4F425 /* LoginTextFieldsDelegate.swift */ = {isa = PBXFileReference; lastKnownFileType = sourcecode.swift; path = LoginTextFieldsDelegate.swift; sourceTree = "<group>"; };
		55D062D42452886600D4F425 /* LogoutResponse.swift */ = {isa = PBXFileReference; lastKnownFileType = sourcecode.swift; path = LogoutResponse.swift; sourceTree = "<group>"; };
		55D062D72452902E00D4F425 /* StudentsLocations.swift */ = {isa = PBXFileReference; lastKnownFileType = sourcecode.swift; path = StudentsLocations.swift; sourceTree = "<group>"; };
		55D062DB2452970D00D4F425 /* StudentsModel.swift */ = {isa = PBXFileReference; lastKnownFileType = sourcecode.swift; path = StudentsModel.swift; sourceTree = "<group>"; };
		55D062DD2452A9C400D4F425 /* PostNewPinViewController.swift */ = {isa = PBXFileReference; lastKnownFileType = sourcecode.swift; path = PostNewPinViewController.swift; sourceTree = "<group>"; };
		55D062DF2452A9D100D4F425 /* NewPinMapViewController.swift */ = {isa = PBXFileReference; lastKnownFileType = sourcecode.swift; path = NewPinMapViewController.swift; sourceTree = "<group>"; };
		55D062E12452AF6F00D4F425 /* PostLocationRequest.swift */ = {isa = PBXFileReference; lastKnownFileType = sourcecode.swift; path = PostLocationRequest.swift; sourceTree = "<group>"; };
/* End PBXFileReference section */

/* Begin PBXFrameworksBuildPhase section */
		55929E0324525ED200B96570 /* Frameworks */ = {
			isa = PBXFrameworksBuildPhase;
			buildActionMask = 2147483647;
			files = (
			);
			runOnlyForDeploymentPostprocessing = 0;
		};
		55929E1924525ED800B96570 /* Frameworks */ = {
			isa = PBXFrameworksBuildPhase;
			buildActionMask = 2147483647;
			files = (
			);
			runOnlyForDeploymentPostprocessing = 0;
		};
		55929E2424525ED900B96570 /* Frameworks */ = {
			isa = PBXFrameworksBuildPhase;
			buildActionMask = 2147483647;
			files = (
			);
			runOnlyForDeploymentPostprocessing = 0;
		};
/* End PBXFrameworksBuildPhase section */

/* Begin PBXGroup section */
		55929DFD24525ED200B96570 = {
			isa = PBXGroup;
			children = (
				55929E0824525ED200B96570 /* On the Map */,
				55929E1F24525ED900B96570 /* On the MapTests */,
				55929E2A24525ED900B96570 /* On the MapUITests */,
				55929E0724525ED200B96570 /* Products */,
			);
			sourceTree = "<group>";
		};
		55929E0724525ED200B96570 /* Products */ = {
			isa = PBXGroup;
			children = (
				55929E0624525ED200B96570 /* On the Map.app */,
				55929E1C24525ED800B96570 /* On the MapTests.xctest */,
				55929E2724525ED900B96570 /* On the MapUITests.xctest */,
			);
			name = Products;
			sourceTree = "<group>";
		};
		55929E0824525ED200B96570 /* On the Map */ = {
			isa = PBXGroup;
			children = (
				55929E0924525ED200B96570 /* AppDelegate.swift */,
				55929E0B24525ED200B96570 /* SceneDelegate.swift */,
				55D062CF24527EAE00D4F425 /* View */,
				55929E4024526AC700B96570 /* Model */,
				55929E3A24525F1400B96570 /* Controller */,
				55929E3924525EF800B96570 /* Assets */,
				55929E1724525ED800B96570 /* Info.plist */,
			);
			path = "On the Map";
			sourceTree = "<group>";
		};
		55929E1F24525ED900B96570 /* On the MapTests */ = {
			isa = PBXGroup;
			children = (
				55929E2024525ED900B96570 /* On_the_MapTests.swift */,
				55929E2224525ED900B96570 /* Info.plist */,
			);
			path = "On the MapTests";
			sourceTree = "<group>";
		};
		55929E2A24525ED900B96570 /* On the MapUITests */ = {
			isa = PBXGroup;
			children = (
				55929E2B24525ED900B96570 /* On_the_MapUITests.swift */,
				55929E2D24525ED900B96570 /* Info.plist */,
			);
			path = "On the MapUITests";
			sourceTree = "<group>";
		};
		55929E3924525EF800B96570 /* Assets */ = {
			isa = PBXGroup;
			children = (
				55929E0F24525ED200B96570 /* Main.storyboard */,
				55929E1224525ED800B96570 /* Assets.xcassets */,
				55929E1424525ED800B96570 /* LaunchScreen.storyboard */,
			);
			path = Assets;
			sourceTree = "<group>";
		};
		55929E3A24525F1400B96570 /* Controller */ = {
			isa = PBXGroup;
			children = (
				55929E0D24525ED200B96570 /* LoginViewController.swift */,
				55929E3B2452605C00B96570 /* MapViewController.swift */,
				55929E3D2452606900B96570 /* TableViewController.swift */,
				55D062DD2452A9C400D4F425 /* PostNewPinViewController.swift */,
				55D062DF2452A9D100D4F425 /* NewPinMapViewController.swift */,
			);
			path = Controller;
			sourceTree = "<group>";
		};
		55929E4024526AC700B96570 /* Model */ = {
			isa = PBXGroup;
			children = (
				55D062D62452901400D4F425 /* Data */,
				55929E4524526B3400B96570 /* Responses */,
				55929E4424526B2400B96570 /* Requests */,
				55929E4324526B1300B96570 /* User */,
			);
			path = Model;
			sourceTree = "<group>";
		};
		55929E4324526B1300B96570 /* User */ = {
			isa = PBXGroup;
			children = (
				55929E4124526AE900B96570 /* User.swift */,
			);
			path = User;
			sourceTree = "<group>";
		};
		55929E4424526B2400B96570 /* Requests */ = {
			isa = PBXGroup;
			children = (
				55929E4624526B4900B96570 /* LoginRequest.swift */,
				55D062E12452AF6F00D4F425 /* PostLocationRequest.swift */,
			);
			path = Requests;
			sourceTree = "<group>";
		};
		55929E4524526B3400B96570 /* Responses */ = {
			isa = PBXGroup;
			children = (
				55D062D72452902E00D4F425 /* StudentsLocations.swift */,
				55929E4824526B5600B96570 /* LoginResponse.swift */,
				55D062D42452886600D4F425 /* LogoutResponse.swift */,
				5523187E245394A5006F9648 /* StudentDataResponse.swift */,
			);
			path = Responses;
			sourceTree = "<group>";
		};
		55D062CF24527EAE00D4F425 /* View */ = {
			isa = PBXGroup;
			children = (
				55D062D024527EF400D4F425 /* LoginTextFieldsDelegate.swift */,
			);
			path = View;
			sourceTree = "<group>";
		};
		55D062D62452901400D4F425 /* Data */ = {
			isa = PBXGroup;
			children = (
				55D062DB2452970D00D4F425 /* StudentsModel.swift */,
			);
			path = Data;
			sourceTree = "<group>";
		};
/* End PBXGroup section */

/* Begin PBXNativeTarget section */
		55929E0524525ED200B96570 /* On the Map */ = {
			isa = PBXNativeTarget;
			buildConfigurationList = 55929E3024525ED900B96570 /* Build configuration list for PBXNativeTarget "On the Map" */;
			buildPhases = (
				55929E0224525ED200B96570 /* Sources */,
				55929E0324525ED200B96570 /* Frameworks */,
				55929E0424525ED200B96570 /* Resources */,
			);
			buildRules = (
			);
			dependencies = (
			);
			name = "On the Map";
			productName = "On the Map";
			productReference = 55929E0624525ED200B96570 /* On the Map.app */;
			productType = "com.apple.product-type.application";
		};
		55929E1B24525ED800B96570 /* On the MapTests */ = {
			isa = PBXNativeTarget;
			buildConfigurationList = 55929E3324525ED900B96570 /* Build configuration list for PBXNativeTarget "On the MapTests" */;
			buildPhases = (
				55929E1824525ED800B96570 /* Sources */,
				55929E1924525ED800B96570 /* Frameworks */,
				55929E1A24525ED800B96570 /* Resources */,
			);
			buildRules = (
			);
			dependencies = (
				55929E1E24525ED900B96570 /* PBXTargetDependency */,
			);
			name = "On the MapTests";
			productName = "On the MapTests";
			productReference = 55929E1C24525ED800B96570 /* On the MapTests.xctest */;
			productType = "com.apple.product-type.bundle.unit-test";
		};
		55929E2624525ED900B96570 /* On the MapUITests */ = {
			isa = PBXNativeTarget;
			buildConfigurationList = 55929E3624525ED900B96570 /* Build configuration list for PBXNativeTarget "On the MapUITests" */;
			buildPhases = (
				55929E2324525ED900B96570 /* Sources */,
				55929E2424525ED900B96570 /* Frameworks */,
				55929E2524525ED900B96570 /* Resources */,
			);
			buildRules = (
			);
			dependencies = (
				55929E2924525ED900B96570 /* PBXTargetDependency */,
			);
			name = "On the MapUITests";
			productName = "On the MapUITests";
			productReference = 55929E2724525ED900B96570 /* On the MapUITests.xctest */;
			productType = "com.apple.product-type.bundle.ui-testing";
		};
/* End PBXNativeTarget section */

/* Begin PBXProject section */
		55929DFE24525ED200B96570 /* Project object */ = {
			isa = PBXProject;
			attributes = {
				LastSwiftUpdateCheck = 1130;
				LastUpgradeCheck = 1130;
				ORGANIZATIONNAME = "Abdalla Elshikh";
				TargetAttributes = {
					55929E0524525ED200B96570 = {
						CreatedOnToolsVersion = 11.3.1;
					};
					55929E1B24525ED800B96570 = {
						CreatedOnToolsVersion = 11.3.1;
						TestTargetID = 55929E0524525ED200B96570;
					};
					55929E2624525ED900B96570 = {
						CreatedOnToolsVersion = 11.3.1;
						TestTargetID = 55929E0524525ED200B96570;
					};
				};
			};
			buildConfigurationList = 55929E0124525ED200B96570 /* Build configuration list for PBXProject "On the Map" */;
			compatibilityVersion = "Xcode 9.3";
			developmentRegion = en;
			hasScannedForEncodings = 0;
			knownRegions = (
				en,
				Base,
			);
			mainGroup = 55929DFD24525ED200B96570;
			productRefGroup = 55929E0724525ED200B96570 /* Products */;
			projectDirPath = "";
			projectRoot = "";
			targets = (
				55929E0524525ED200B96570 /* On the Map */,
				55929E1B24525ED800B96570 /* On the MapTests */,
				55929E2624525ED900B96570 /* On the MapUITests */,
			);
		};
/* End PBXProject section */

/* Begin PBXResourcesBuildPhase section */
		55929E0424525ED200B96570 /* Resources */ = {
			isa = PBXResourcesBuildPhase;
			buildActionMask = 2147483647;
			files = (
				55929E1624525ED800B96570 /* LaunchScreen.storyboard in Resources */,
				55929E1324525ED800B96570 /* Assets.xcassets in Resources */,
				55929E1124525ED200B96570 /* Main.storyboard in Resources */,
			);
			runOnlyForDeploymentPostprocessing = 0;
		};
		55929E1A24525ED800B96570 /* Resources */ = {
			isa = PBXResourcesBuildPhase;
			buildActionMask = 2147483647;
			files = (
			);
			runOnlyForDeploymentPostprocessing = 0;
		};
		55929E2524525ED900B96570 /* Resources */ = {
			isa = PBXResourcesBuildPhase;
			buildActionMask = 2147483647;
			files = (
			);
			runOnlyForDeploymentPostprocessing = 0;
		};
/* End PBXResourcesBuildPhase section */

/* Begin PBXSourcesBuildPhase section */
		55929E0224525ED200B96570 /* Sources */ = {
			isa = PBXSourcesBuildPhase;
			buildActionMask = 2147483647;
			files = (
				55D062D124527EF400D4F425 /* LoginTextFieldsDelegate.swift in Sources */,
				55D062DE2452A9C400D4F425 /* PostNewPinViewController.swift in Sources */,
				55D062DC2452970D00D4F425 /* StudentsModel.swift in Sources */,
				55929E0E24525ED200B96570 /* LoginViewController.swift in Sources */,
				5523187F245394A5006F9648 /* StudentDataResponse.swift in Sources */,
				55D062E22452AF6F00D4F425 /* PostLocationRequest.swift in Sources */,
				55929E0A24525ED200B96570 /* AppDelegate.swift in Sources */,
				55D062D82452902E00D4F425 /* StudentsLocations.swift in Sources */,
				55D062E02452A9D100D4F425 /* NewPinMapViewController.swift in Sources */,
				55929E4224526AE900B96570 /* User.swift in Sources */,
				55D062D52452886600D4F425 /* LogoutResponse.swift in Sources */,
				55929E0C24525ED200B96570 /* SceneDelegate.swift in Sources */,
				55929E3E2452606900B96570 /* TableViewController.swift in Sources */,
				55929E4724526B4900B96570 /* LoginRequest.swift in Sources */,
				55929E4924526B5600B96570 /* LoginResponse.swift in Sources */,
				55929E3C2452605D00B96570 /* MapViewController.swift in Sources */,
			);
			runOnlyForDeploymentPostprocessing = 0;
		};
		55929E1824525ED800B96570 /* Sources */ = {
			isa = PBXSourcesBuildPhase;
			buildActionMask = 2147483647;
			files = (
				55929E2124525ED900B96570 /* On_the_MapTests.swift in Sources */,
			);
			runOnlyForDeploymentPostprocessing = 0;
		};
		55929E2324525ED900B96570 /* Sources */ = {
			isa = PBXSourcesBuildPhase;
			buildActionMask = 2147483647;
			files = (
				55929E2C24525ED900B96570 /* On_the_MapUITests.swift in Sources */,
			);
			runOnlyForDeploymentPostprocessing = 0;
		};
/* End PBXSourcesBuildPhase section */

/* Begin PBXTargetDependency section */
		55929E1E24525ED900B96570 /* PBXTargetDependency */ = {
			isa = PBXTargetDependency;
			target = 55929E0524525ED200B96570 /* On the Map */;
			targetProxy = 55929E1D24525ED900B96570 /* PBXContainerItemProxy */;
		};
		55929E2924525ED900B96570 /* PBXTargetDependency */ = {
			isa = PBXTargetDependency;
			target = 55929E0524525ED200B96570 /* On the Map */;
			targetProxy = 55929E2824525ED900B96570 /* PBXContainerItemProxy */;
		};
/* End PBXTargetDependency section */

/* Begin PBXVariantGroup section */
		55929E0F24525ED200B96570 /* Main.storyboard */ = {
			isa = PBXVariantGroup;
			children = (
				55929E1024525ED200B96570 /* Base */,
			);
			name = Main.storyboard;
			sourceTree = "<group>";
		};
		55929E1424525ED800B96570 /* LaunchScreen.storyboard */ = {
			isa = PBXVariantGroup;
			children = (
				55929E1524525ED800B96570 /* Base */,
			);
			name = LaunchScreen.storyboard;
			sourceTree = "<group>";
		};
/* End PBXVariantGroup section */

/* Begin XCBuildConfiguration section */
		55929E2E24525ED900B96570 /* Debug */ = {
			isa = XCBuildConfiguration;
			buildSettings = {
				ALWAYS_SEARCH_USER_PATHS = NO;
				CLANG_ANALYZER_NONNULL = YES;
				CLANG_ANALYZER_NUMBER_OBJECT_CONVERSION = YES_AGGRESSIVE;
				CLANG_CXX_LANGUAGE_STANDARD = "gnu++14";
				CLANG_CXX_LIBRARY = "libc++";
				CLANG_ENABLE_MODULES = YES;
				CLANG_ENABLE_OBJC_ARC = YES;
				CLANG_ENABLE_OBJC_WEAK = YES;
				CLANG_WARN_BLOCK_CAPTURE_AUTORELEASING = YES;
				CLANG_WARN_BOOL_CONVERSION = YES;
				CLANG_WARN_COMMA = YES;
				CLANG_WARN_CONSTANT_CONVERSION = YES;
				CLANG_WARN_DEPRECATED_OBJC_IMPLEMENTATIONS = YES;
				CLANG_WARN_DIRECT_OBJC_ISA_USAGE = YES_ERROR;
				CLANG_WARN_DOCUMENTATION_COMMENTS = YES;
				CLANG_WARN_EMPTY_BODY = YES;
				CLANG_WARN_ENUM_CONVERSION = YES;
				CLANG_WARN_INFINITE_RECURSION = YES;
				CLANG_WARN_INT_CONVERSION = YES;
				CLANG_WARN_NON_LITERAL_NULL_CONVERSION = YES;
				CLANG_WARN_OBJC_IMPLICIT_RETAIN_SELF = YES;
				CLANG_WARN_OBJC_LITERAL_CONVERSION = YES;
				CLANG_WARN_OBJC_ROOT_CLASS = YES_ERROR;
				CLANG_WARN_RANGE_LOOP_ANALYSIS = YES;
				CLANG_WARN_STRICT_PROTOTYPES = YES;
				CLANG_WARN_SUSPICIOUS_MOVE = YES;
				CLANG_WARN_UNGUARDED_AVAILABILITY = YES_AGGRESSIVE;
				CLANG_WARN_UNREACHABLE_CODE = YES;
				CLANG_WARN__DUPLICATE_METHOD_MATCH = YES;
				COPY_PHASE_STRIP = NO;
				DEBUG_INFORMATION_FORMAT = dwarf;
				ENABLE_STRICT_OBJC_MSGSEND = YES;
				ENABLE_TESTABILITY = YES;
				GCC_C_LANGUAGE_STANDARD = gnu11;
				GCC_DYNAMIC_NO_PIC = NO;
				GCC_NO_COMMON_BLOCKS = YES;
				GCC_OPTIMIZATION_LEVEL = 0;
				GCC_PREPROCESSOR_DEFINITIONS = (
					"DEBUG=1",
					"$(inherited)",
				);
				GCC_WARN_64_TO_32_BIT_CONVERSION = YES;
				GCC_WARN_ABOUT_RETURN_TYPE = YES_ERROR;
				GCC_WARN_UNDECLARED_SELECTOR = YES;
				GCC_WARN_UNINITIALIZED_AUTOS = YES_AGGRESSIVE;
				GCC_WARN_UNUSED_FUNCTION = YES;
				GCC_WARN_UNUSED_VARIABLE = YES;
				IPHONEOS_DEPLOYMENT_TARGET = 13.2;
				MTL_ENABLE_DEBUG_INFO = INCLUDE_SOURCE;
				MTL_FAST_MATH = YES;
				ONLY_ACTIVE_ARCH = YES;
				SDKROOT = iphoneos;
				SWIFT_ACTIVE_COMPILATION_CONDITIONS = DEBUG;
				SWIFT_OPTIMIZATION_LEVEL = "-Onone";
			};
			name = Debug;
		};
		55929E2F24525ED900B96570 /* Release */ = {
			isa = XCBuildConfiguration;
			buildSettings = {
				ALWAYS_SEARCH_USER_PATHS = NO;
				CLANG_ANALYZER_NONNULL = YES;
				CLANG_ANALYZER_NUMBER_OBJECT_CONVERSION = YES_AGGRESSIVE;
				CLANG_CXX_LANGUAGE_STANDARD = "gnu++14";
				CLANG_CXX_LIBRARY = "libc++";
				CLANG_ENABLE_MODULES = YES;
				CLANG_ENABLE_OBJC_ARC = YES;
				CLANG_ENABLE_OBJC_WEAK = YES;
				CLANG_WARN_BLOCK_CAPTURE_AUTORELEASING = YES;
				CLANG_WARN_BOOL_CONVERSION = YES;
				CLANG_WARN_COMMA = YES;
				CLANG_WARN_CONSTANT_CONVERSION = YES;
				CLANG_WARN_DEPRECATED_OBJC_IMPLEMENTATIONS = YES;
				CLANG_WARN_DIRECT_OBJC_ISA_USAGE = YES_ERROR;
				CLANG_WARN_DOCUMENTATION_COMMENTS = YES;
				CLANG_WARN_EMPTY_BODY = YES;
				CLANG_WARN_ENUM_CONVERSION = YES;
				CLANG_WARN_INFINITE_RECURSION = YES;
				CLANG_WARN_INT_CONVERSION = YES;
				CLANG_WARN_NON_LITERAL_NULL_CONVERSION = YES;
				CLANG_WARN_OBJC_IMPLICIT_RETAIN_SELF = YES;
				CLANG_WARN_OBJC_LITERAL_CONVERSION = YES;
				CLANG_WARN_OBJC_ROOT_CLASS = YES_ERROR;
				CLANG_WARN_RANGE_LOOP_ANALYSIS = YES;
				CLANG_WARN_STRICT_PROTOTYPES = YES;
				CLANG_WARN_SUSPICIOUS_MOVE = YES;
				CLANG_WARN_UNGUARDED_AVAILABILITY = YES_AGGRESSIVE;
				CLANG_WARN_UNREACHABLE_CODE = YES;
				CLANG_WARN__DUPLICATE_METHOD_MATCH = YES;
				COPY_PHASE_STRIP = NO;
				DEBUG_INFORMATION_FORMAT = "dwarf-with-dsym";
				ENABLE_NS_ASSERTIONS = NO;
				ENABLE_STRICT_OBJC_MSGSEND = YES;
				GCC_C_LANGUAGE_STANDARD = gnu11;
				GCC_NO_COMMON_BLOCKS = YES;
				GCC_WARN_64_TO_32_BIT_CONVERSION = YES;
				GCC_WARN_ABOUT_RETURN_TYPE = YES_ERROR;
				GCC_WARN_UNDECLARED_SELECTOR = YES;
				GCC_WARN_UNINITIALIZED_AUTOS = YES_AGGRESSIVE;
				GCC_WARN_UNUSED_FUNCTION = YES;
				GCC_WARN_UNUSED_VARIABLE = YES;
				IPHONEOS_DEPLOYMENT_TARGET = 13.2;
				MTL_ENABLE_DEBUG_INFO = NO;
				MTL_FAST_MATH = YES;
				SDKROOT = iphoneos;
				SWIFT_COMPILATION_MODE = wholemodule;
				SWIFT_OPTIMIZATION_LEVEL = "-O";
				VALIDATE_PRODUCT = YES;
			};
			name = Release;
		};
		55929E3124525ED900B96570 /* Debug */ = {
			isa = XCBuildConfiguration;
			buildSettings = {
				ASSETCATALOG_COMPILER_APPICON_NAME = AppIcon;
				CODE_SIGN_STYLE = Automatic;
				DEVELOPMENT_TEAM = 2S25RMM2MZ;
				INFOPLIST_FILE = "On the Map/Info.plist";
				LD_RUNPATH_SEARCH_PATHS = (
					"$(inherited)",
					"@executable_path/Frameworks",
				);
				PRODUCT_BUNDLE_IDENTIFIER = "com.test.On-the-Map";
				PRODUCT_NAME = "$(TARGET_NAME)";
				SWIFT_VERSION = 5.0;
				TARGETED_DEVICE_FAMILY = "1,2";
			};
			name = Debug;
		};
		55929E3224525ED900B96570 /* Release */ = {
			isa = XCBuildConfiguration;
			buildSettings = {
				ASSETCATALOG_COMPILER_APPICON_NAME = AppIcon;
				CODE_SIGN_STYLE = Automatic;
				DEVELOPMENT_TEAM = 2S25RMM2MZ;
				INFOPLIST_FILE = "On the Map/Info.plist";
				LD_RUNPATH_SEARCH_PATHS = (
					"$(inherited)",
					"@executable_path/Frameworks",
				);
				PRODUCT_BUNDLE_IDENTIFIER = "com.test.On-the-Map";
				PRODUCT_NAME = "$(TARGET_NAME)";
				SWIFT_VERSION = 5.0;
				TARGETED_DEVICE_FAMILY = "1,2";
			};
			name = Release;
		};
		55929E3424525ED900B96570 /* Debug */ = {
			isa = XCBuildConfiguration;
			buildSettings = {
				ALWAYS_EMBED_SWIFT_STANDARD_LIBRARIES = YES;
				BUNDLE_LOADER = "$(TEST_HOST)";
				CODE_SIGN_STYLE = Automatic;
				DEVELOPMENT_TEAM = 2S25RMM2MZ;
				INFOPLIST_FILE = "On the MapTests/Info.plist";
				IPHONEOS_DEPLOYMENT_TARGET = 13.2;
				LD_RUNPATH_SEARCH_PATHS = (
					"$(inherited)",
					"@executable_path/Frameworks",
					"@loader_path/Frameworks",
				);
				PRODUCT_BUNDLE_IDENTIFIER = "com.test.On-the-MapTests";
				PRODUCT_NAME = "$(TARGET_NAME)";
				SWIFT_VERSION = 5.0;
				TARGETED_DEVICE_FAMILY = "1,2";
				TEST_HOST = "$(BUILT_PRODUCTS_DIR)/On the Map.app/On the Map";
			};
			name = Debug;
		};
		55929E3524525ED900B96570 /* Release */ = {
			isa = XCBuildConfiguration;
			buildSettings = {
				ALWAYS_EMBED_SWIFT_STANDARD_LIBRARIES = YES;
				BUNDLE_LOADER = "$(TEST_HOST)";
				CODE_SIGN_STYLE = Automatic;
				DEVELOPMENT_TEAM = 2S25RMM2MZ;
				INFOPLIST_FILE = "On the MapTests/Info.plist";
				IPHONEOS_DEPLOYMENT_TARGET = 13.2;
				LD_RUNPATH_SEARCH_PATHS = (
					"$(inherited)",
					"@executable_path/Frameworks",
					"@loader_path/Frameworks",
				);
				PRODUCT_BUNDLE_IDENTIFIER = "com.test.On-the-MapTests";
				PRODUCT_NAME = "$(TARGET_NAME)";
				SWIFT_VERSION = 5.0;
				TARGETED_DEVICE_FAMILY = "1,2";
				TEST_HOST = "$(BUILT_PRODUCTS_DIR)/On the Map.app/On the Map";
			};
			name = Release;
		};
		55929E3724525ED900B96570 /* Debug */ = {
			isa = XCBuildConfiguration;
			buildSettings = {
				ALWAYS_EMBED_SWIFT_STANDARD_LIBRARIES = YES;
				CODE_SIGN_STYLE = Automatic;
				DEVELOPMENT_TEAM = 2S25RMM2MZ;
				INFOPLIST_FILE = "On the MapUITests/Info.plist";
				LD_RUNPATH_SEARCH_PATHS = (
					"$(inherited)",
					"@executable_path/Frameworks",
					"@loader_path/Frameworks",
				);
				PRODUCT_BUNDLE_IDENTIFIER = "com.test.On-the-MapUITests";
				PRODUCT_NAME = "$(TARGET_NAME)";
				SWIFT_VERSION = 5.0;
				TARGETED_DEVICE_FAMILY = "1,2";
				TEST_TARGET_NAME = "On the Map";
			};
			name = Debug;
		};
		55929E3824525ED900B96570 /* Release */ = {
			isa = XCBuildConfiguration;
			buildSettings = {
				ALWAYS_EMBED_SWIFT_STANDARD_LIBRARIES = YES;
				CODE_SIGN_STYLE = Automatic;
				DEVELOPMENT_TEAM = 2S25RMM2MZ;
				INFOPLIST_FILE = "On the MapUITests/Info.plist";
				LD_RUNPATH_SEARCH_PATHS = (
					"$(inherited)",
					"@executable_path/Frameworks",
					"@loader_path/Frameworks",
				);
				PRODUCT_BUNDLE_IDENTIFIER = "com.test.On-the-MapUITests";
				PRODUCT_NAME = "$(TARGET_NAME)";
				SWIFT_VERSION = 5.0;
				TARGETED_DEVICE_FAMILY = "1,2";
				TEST_TARGET_NAME = "On the Map";
			};
			name = Release;
		};
/* End XCBuildConfiguration section */

/* Begin XCConfigurationList section */
		55929E0124525ED200B96570 /* Build configuration list for PBXProject "On the Map" */ = {
			isa = XCConfigurationList;
			buildConfigurations = (
				55929E2E24525ED900B96570 /* Debug */,
				55929E2F24525ED900B96570 /* Release */,
			);
			defaultConfigurationIsVisible = 0;
			defaultConfigurationName = Release;
		};
		55929E3024525ED900B96570 /* Build configuration list for PBXNativeTarget "On the Map" */ = {
			isa = XCConfigurationList;
			buildConfigurations = (
				55929E3124525ED900B96570 /* Debug */,
				55929E3224525ED900B96570 /* Release */,
			);
			defaultConfigurationIsVisible = 0;
			defaultConfigurationName = Release;
		};
		55929E3324525ED900B96570 /* Build configuration list for PBXNativeTarget "On the MapTests" */ = {
			isa = XCConfigurationList;
			buildConfigurations = (
				55929E3424525ED900B96570 /* Debug */,
				55929E3524525ED900B96570 /* Release */,
			);
			defaultConfigurationIsVisible = 0;
			defaultConfigurationName = Release;
		};
		55929E3624525ED900B96570 /* Build configuration list for PBXNativeTarget "On the MapUITests" */ = {
			isa = XCConfigurationList;
			buildConfigurations = (
				55929E3724525ED900B96570 /* Debug */,
				55929E3824525ED900B96570 /* Release */,
			);
			defaultConfigurationIsVisible = 0;
			defaultConfigurationName = Release;
		};
/* End XCConfigurationList section */
	};
	rootObject = 55929DFE24525ED200B96570 /* Project object */;
}
